// !$*UTF8*$!
{
	archiveVersion = 1;
	classes = {
	};
	objectVersion = 50;
	objects = {

/* Begin PBXBuildFile section */
		5716258C260583DC00477D9E /* BackgroundEntity.swift in Sources */ = {isa = PBXBuildFile; fileRef = 5716258B260583DC00477D9E /* BackgroundEntity.swift */; };
		571625932605891B00477D9E /* DrawingPlane.swift in Sources */ = {isa = PBXBuildFile; fileRef = 571625922605891B00477D9E /* DrawingPlane.swift */; };
		571954A2261F440B00A75935 /* GameOverNode.swift in Sources */ = {isa = PBXBuildFile; fileRef = 571954A1261F440B00A75935 /* GameOverNode.swift */; };
		5721ECD82600DBB700A7071C /* LaunchScreen.storyboard in Resources */ = {isa = PBXBuildFile; fileRef = 5721ECD62600DBB700A7071C /* LaunchScreen.storyboard */; };
		5721ECDC2600DC7D00A7071C /* PlayerEntity.swift in Sources */ = {isa = PBXBuildFile; fileRef = 5721ECDB2600DC7D00A7071C /* PlayerEntity.swift */; };
		5721ECDF2600DCBB00A7071C /* LongHandsEntity.swift in Sources */ = {isa = PBXBuildFile; fileRef = 5721ECDE2600DCBB00A7071C /* LongHandsEntity.swift */; };
		5721ECE22600DCD100A7071C /* CrackedHeadEntity.swift in Sources */ = {isa = PBXBuildFile; fileRef = 5721ECE12600DCD100A7071C /* CrackedHeadEntity.swift */; };
		5721ECE52600DCF100A7071C /* FriendlyNPCEntity.swift in Sources */ = {isa = PBXBuildFile; fileRef = 5721ECE42600DCF100A7071C /* FriendlyNPCEntity.swift */; };
		5721ECE82600DD3500A7071C /* MovementComponent.swift in Sources */ = {isa = PBXBuildFile; fileRef = 5721ECE72600DD3500A7071C /* MovementComponent.swift */; };
		5721ECEB2600DD5000A7071C /* AnimatedSpriteComponent.swift in Sources */ = {isa = PBXBuildFile; fileRef = 5721ECEA2600DD5000A7071C /* AnimatedSpriteComponent.swift */; };
		5721ECF12600DDD200A7071C /* AudioPlaceholder in Resources */ = {isa = PBXBuildFile; fileRef = 5721ECF02600DDD200A7071C /* AudioPlaceholder */; };
		5721ECFA2600EA8100A7071C /* AnalogJoystick.swift in Sources */ = {isa = PBXBuildFile; fileRef = 5721ECF92600EA8100A7071C /* AnalogJoystick.swift */; };
		572E381D260A326F00A2FFD1 /* Gruppo-Regular.ttf in Resources */ = {isa = PBXBuildFile; fileRef = 572E381C260A322900A2FFD1 /* Gruppo-Regular.ttf */; };
		572E3823260A348100A2FFD1 /* Montserrat-Light.ttf in Resources */ = {isa = PBXBuildFile; fileRef = 572E3822260A348100A2FFD1 /* Montserrat-Light.ttf */; };
		572E3827260A34E100A2FFD1 /* UIColorExtension.swift in Sources */ = {isa = PBXBuildFile; fileRef = 572E3826260A34E100A2FFD1 /* UIColorExtension.swift */; };
		5751BF262600D3F50032D010 /* SceneDelegate.swift in Sources */ = {isa = PBXBuildFile; fileRef = 5751BF252600D3F50032D010 /* SceneDelegate.swift */; };
		57531ACB26091C12005EEA5F /* IdleState.swift in Sources */ = {isa = PBXBuildFile; fileRef = 57531ACA26091C12005EEA5F /* IdleState.swift */; };
		57531ACF26091C46005EEA5F /* Direction.swift in Sources */ = {isa = PBXBuildFile; fileRef = 57531ACE26091C46005EEA5F /* Direction.swift */; };
		575E10852608C8E9000F414E /* AttackComponent.swift in Sources */ = {isa = PBXBuildFile; fileRef = 575E10842608C8E9000F414E /* AttackComponent.swift */; };
		575E10892608CB87000F414E /* ActionButton.png in Resources */ = {isa = PBXBuildFile; fileRef = 575E10882608CB87000F414E /* ActionButton.png */; };
		575E10B82608E0D8000F414E /* PlayerWalkDown.atlas in Resources */ = {isa = PBXBuildFile; fileRef = 575E10B72608E0D8000F414E /* PlayerWalkDown.atlas */; };
		575E10BD2608E4A9000F414E /* WalkState.swift in Sources */ = {isa = PBXBuildFile; fileRef = 575E10BC2608E4A9000F414E /* WalkState.swift */; };
		575E10C52608E7C5000F414E /* PlayerControlComponent.swift in Sources */ = {isa = PBXBuildFile; fileRef = 575E10C42608E7C5000F414E /* PlayerControlComponent.swift */; };
		578AD33F2610101D00CCEA5F /* PlayerWalkLeft.atlas in Resources */ = {isa = PBXBuildFile; fileRef = 578AD33E2610101D00CCEA5F /* PlayerWalkLeft.atlas */; };
		578AD3432610103000CCEA5F /* PlayerWalkRight.atlas in Resources */ = {isa = PBXBuildFile; fileRef = 578AD3422610103000CCEA5F /* PlayerWalkRight.atlas */; };
		578AD349261014E700CCEA5F /* CGPointExtension.swift in Sources */ = {isa = PBXBuildFile; fileRef = 578AD348261014E700CCEA5F /* CGPointExtension.swift */; };
		578AD3622610296000CCEA5F /* CGFloatExtension.swift in Sources */ = {isa = PBXBuildFile; fileRef = 578AD3612610296000CCEA5F /* CGFloatExtension.swift */; };
		578F26DF2602477700B421E4 /* MoveComponentTests.swift in Sources */ = {isa = PBXBuildFile; fileRef = 578F26DE2602477700B421E4 /* MoveComponentTests.swift */; };
		57926711260B6C5100FFB0E4 /* ImageButton.swift in Sources */ = {isa = PBXBuildFile; fileRef = 57926710260B6C5100FFB0E4 /* ImageButton.swift */; };
		5792672D260B7B0700FFB0E4 /* PauseIcon.png in Resources */ = {isa = PBXBuildFile; fileRef = 5792672C260B7B0700FFB0E4 /* PauseIcon.png */; };
		57926739260B7FF200FFB0E4 /* PauseNode.swift in Sources */ = {isa = PBXBuildFile; fileRef = 57926738260B7FF200FFB0E4 /* PauseNode.swift */; };
		57926741260B840600FFB0E4 /* GameScene.swift in Sources */ = {isa = PBXBuildFile; fileRef = 57926740260B840600FFB0E4 /* GameScene.swift */; };
		5796D4AE260F482200D353F5 /* MenuScene.swift in Sources */ = {isa = PBXBuildFile; fileRef = 5796D4AD260F482200D353F5 /* MenuScene.swift */; };
		57BC6C4B260E267A00180822 /* LabelButton.swift in Sources */ = {isa = PBXBuildFile; fileRef = 57BC6C4A260E267A00180822 /* LabelButton.swift */; };
		57BD17F8260598970026388B /* Amelia.png in Resources */ = {isa = PBXBuildFile; fileRef = 57BD17F7260598970026388B /* Amelia.png */; };
		57CAD839260A14C100B5FACC /* PlayerAtlasName.swift in Sources */ = {isa = PBXBuildFile; fileRef = 57CAD838260A14C100B5FACC /* PlayerAtlasName.swift */; };
		57CAD840260A1BC200B5FACC /* GKStateMachineExtension.swift in Sources */ = {isa = PBXBuildFile; fileRef = 57CAD83F260A1BC200B5FACC /* GKStateMachineExtension.swift */; };
		57CAD857260A1E5400B5FACC /* PlayerWalkUp.atlas in Resources */ = {isa = PBXBuildFile; fileRef = 57CAD856260A1E5400B5FACC /* PlayerWalkUp.atlas */; };
		690AA447262EFB3F003DA1E8 /* WalkStateTest.swift in Sources */ = {isa = PBXBuildFile; fileRef = 690AA446262EFB3F003DA1E8 /* WalkStateTest.swift */; };
		690AA44B2630685F003DA1E8 /* IdleStateTest.swift in Sources */ = {isa = PBXBuildFile; fileRef = 690AA44A2630685F003DA1E8 /* IdleStateTest.swift */; };
		6E18B6AD261B363C00E1A75C /* SoundComponent.swift in Sources */ = {isa = PBXBuildFile; fileRef = 6E18B6AC261B363C00E1A75C /* SoundComponent.swift */; };
		6E18B6BD261B48D800E1A75C /* playerWalking.wav in Resources */ = {isa = PBXBuildFile; fileRef = 6E18B6BC261B48D800E1A75C /* playerWalking.wav */; };
		6E18B6C1261B51BE00E1A75C /* SoundComponentTests.swift in Sources */ = {isa = PBXBuildFile; fileRef = 6E18B6C0261B51BE00E1A75C /* SoundComponentTests.swift */; };
		6E18B6C7261B5BCB00E1A75C /* bump.wav in Resources */ = {isa = PBXBuildFile; fileRef = 6E18B6C6261B5BCB00E1A75C /* bump.wav */; };
		6E2937CE26306CDC0037921E /* EnemyWalkUp.atlas in Resources */ = {isa = PBXBuildFile; fileRef = 6E2937CD26306CDC0037921E /* EnemyWalkUp.atlas */; };
		6E6D6272261DF0E800C7B2A6 /* AnimatedSpriteComponentTests.swift in Sources */ = {isa = PBXBuildFile; fileRef = 6E6D6271261DF0E800C7B2A6 /* AnimatedSpriteComponentTests.swift */; };
		6EA2E0DF2611FE7D00223CE9 /* GameBackground.png in Resources */ = {isa = PBXBuildFile; fileRef = 6EA2E0DC2611FDCF00223CE9 /* GameBackground.png */; };
		6EB9518B262EFD8C00B64F78 /* EnemyEntity.swift in Sources */ = {isa = PBXBuildFile; fileRef = 6EB9518A262EFD8C00B64F78 /* EnemyEntity.swift */; };
		6EB9518F262EFDC000B64F78 /* EnemyAtlasName.swift in Sources */ = {isa = PBXBuildFile; fileRef = 6EB9518E262EFDC000B64F78 /* EnemyAtlasName.swift */; };
		6EB951B1262F167A00B64F78 /* EnemyWalkDown.atlas in Resources */ = {isa = PBXBuildFile; fileRef = 6EB951B0262F167A00B64F78 /* EnemyWalkDown.atlas */; };
		6EB951B5262F168000B64F78 /* EnemyWalkLeft.atlas in Resources */ = {isa = PBXBuildFile; fileRef = 6EB951B4262F168000B64F78 /* EnemyWalkLeft.atlas */; };
		6EB951B9262F168900B64F78 /* EnemyWalkRight.atlas in Resources */ = {isa = PBXBuildFile; fileRef = 6EB951B8262F168900B64F78 /* EnemyWalkRight.atlas */; };
		6EB951C1262F55BF00B64F78 /* EnemyControlComponent.swift in Sources */ = {isa = PBXBuildFile; fileRef = 6EB951C0262F55BF00B64F78 /* EnemyControlComponent.swift */; };
		6EB951C7262F55E400B64F78 /* EnemyWalkState.swift in Sources */ = {isa = PBXBuildFile; fileRef = 6EB951C6262F55E400B64F78 /* EnemyWalkState.swift */; };
		6EF9A8A925FFA3BF007A751D /* AppDelegate.swift in Sources */ = {isa = PBXBuildFile; fileRef = 6EF9A8A825FFA3BF007A751D /* AppDelegate.swift */; };
		6EF9A8AF25FFA3BF007A751D /* GameNode.swift in Sources */ = {isa = PBXBuildFile; fileRef = 6EF9A8AE25FFA3BF007A751D /* GameNode.swift */; };
		6EF9A8B125FFA3BF007A751D /* GameViewController.swift in Sources */ = {isa = PBXBuildFile; fileRef = 6EF9A8B025FFA3BF007A751D /* GameViewController.swift */; };
		6EF9A8B625FFA3C0007A751D /* Assets.xcassets in Resources */ = {isa = PBXBuildFile; fileRef = 6EF9A8B525FFA3C0007A751D /* Assets.xcassets */; };
		6EFDEC592603765600B21561 /* CollisionComponent.swift in Sources */ = {isa = PBXBuildFile; fileRef = 6EFDEC582603765600B21561 /* CollisionComponent.swift */; };
		6EFDEC5D2603822000B21561 /* CollisionComponentTests.swift in Sources */ = {isa = PBXBuildFile; fileRef = 6EFDEC5C2603822000B21561 /* CollisionComponentTests.swift */; };
/* End PBXBuildFile section */

/* Begin PBXContainerItemProxy section */
		578F26E12602477700B421E4 /* PBXContainerItemProxy */ = {
			isa = PBXContainerItemProxy;
			containerPortal = 6EF9A89D25FFA3BF007A751D /* Project object */;
			proxyType = 1;
			remoteGlobalIDString = 6EF9A8A425FFA3BF007A751D;
			remoteInfo = AmeliaDespair;
		};
/* End PBXContainerItemProxy section */

/* Begin PBXFileReference section */
		5716258B260583DC00477D9E /* BackgroundEntity.swift */ = {isa = PBXFileReference; lastKnownFileType = sourcecode.swift; path = BackgroundEntity.swift; sourceTree = "<group>"; };
		571625922605891B00477D9E /* DrawingPlane.swift */ = {isa = PBXFileReference; lastKnownFileType = sourcecode.swift; path = DrawingPlane.swift; sourceTree = "<group>"; };
		571954A1261F440B00A75935 /* GameOverNode.swift */ = {isa = PBXFileReference; lastKnownFileType = sourcecode.swift; path = GameOverNode.swift; sourceTree = "<group>"; };
		5721ECD72600DBB700A7071C /* Base */ = {isa = PBXFileReference; lastKnownFileType = file.storyboard; name = Base; path = Base.lproj/LaunchScreen.storyboard; sourceTree = "<group>"; };
		5721ECDB2600DC7D00A7071C /* PlayerEntity.swift */ = {isa = PBXFileReference; lastKnownFileType = sourcecode.swift; path = PlayerEntity.swift; sourceTree = "<group>"; };
		5721ECDE2600DCBB00A7071C /* LongHandsEntity.swift */ = {isa = PBXFileReference; lastKnownFileType = sourcecode.swift; path = LongHandsEntity.swift; sourceTree = "<group>"; };
		5721ECE12600DCD100A7071C /* CrackedHeadEntity.swift */ = {isa = PBXFileReference; lastKnownFileType = sourcecode.swift; path = CrackedHeadEntity.swift; sourceTree = "<group>"; };
		5721ECE42600DCF100A7071C /* FriendlyNPCEntity.swift */ = {isa = PBXFileReference; lastKnownFileType = sourcecode.swift; path = FriendlyNPCEntity.swift; sourceTree = "<group>"; };
		5721ECE72600DD3500A7071C /* MovementComponent.swift */ = {isa = PBXFileReference; lastKnownFileType = sourcecode.swift; path = MovementComponent.swift; sourceTree = "<group>"; };
		5721ECEA2600DD5000A7071C /* AnimatedSpriteComponent.swift */ = {isa = PBXFileReference; lastKnownFileType = sourcecode.swift; path = AnimatedSpriteComponent.swift; sourceTree = "<group>"; };
		5721ECF02600DDD200A7071C /* AudioPlaceholder */ = {isa = PBXFileReference; lastKnownFileType = text; path = AudioPlaceholder; sourceTree = "<group>"; };
		5721ECF92600EA8100A7071C /* AnalogJoystick.swift */ = {isa = PBXFileReference; lastKnownFileType = sourcecode.swift; path = AnalogJoystick.swift; sourceTree = "<group>"; };
		572E381C260A322900A2FFD1 /* Gruppo-Regular.ttf */ = {isa = PBXFileReference; lastKnownFileType = file; path = "Gruppo-Regular.ttf"; sourceTree = "<group>"; };
		572E3822260A348100A2FFD1 /* Montserrat-Light.ttf */ = {isa = PBXFileReference; lastKnownFileType = file; path = "Montserrat-Light.ttf"; sourceTree = "<group>"; };
		572E3826260A34E100A2FFD1 /* UIColorExtension.swift */ = {isa = PBXFileReference; lastKnownFileType = sourcecode.swift; path = UIColorExtension.swift; sourceTree = "<group>"; };
		5751BF252600D3F50032D010 /* SceneDelegate.swift */ = {isa = PBXFileReference; lastKnownFileType = sourcecode.swift; path = SceneDelegate.swift; sourceTree = "<group>"; };
		57531ACA26091C12005EEA5F /* IdleState.swift */ = {isa = PBXFileReference; lastKnownFileType = sourcecode.swift; path = IdleState.swift; sourceTree = "<group>"; };
		57531ACE26091C46005EEA5F /* Direction.swift */ = {isa = PBXFileReference; lastKnownFileType = sourcecode.swift; path = Direction.swift; sourceTree = "<group>"; };
		575E10842608C8E9000F414E /* AttackComponent.swift */ = {isa = PBXFileReference; lastKnownFileType = sourcecode.swift; path = AttackComponent.swift; sourceTree = "<group>"; };
		575E10882608CB87000F414E /* ActionButton.png */ = {isa = PBXFileReference; lastKnownFileType = image.png; path = ActionButton.png; sourceTree = "<group>"; };
		575E10B72608E0D8000F414E /* PlayerWalkDown.atlas */ = {isa = PBXFileReference; lastKnownFileType = folder.skatlas; path = PlayerWalkDown.atlas; sourceTree = "<group>"; };
		575E10BC2608E4A9000F414E /* WalkState.swift */ = {isa = PBXFileReference; lastKnownFileType = sourcecode.swift; path = WalkState.swift; sourceTree = "<group>"; };
		575E10C42608E7C5000F414E /* PlayerControlComponent.swift */ = {isa = PBXFileReference; lastKnownFileType = sourcecode.swift; path = PlayerControlComponent.swift; sourceTree = "<group>"; };
		578AD33E2610101D00CCEA5F /* PlayerWalkLeft.atlas */ = {isa = PBXFileReference; lastKnownFileType = folder.skatlas; path = PlayerWalkLeft.atlas; sourceTree = "<group>"; };
		578AD3422610103000CCEA5F /* PlayerWalkRight.atlas */ = {isa = PBXFileReference; lastKnownFileType = folder.skatlas; path = PlayerWalkRight.atlas; sourceTree = "<group>"; };
		578AD348261014E700CCEA5F /* CGPointExtension.swift */ = {isa = PBXFileReference; lastKnownFileType = sourcecode.swift; path = CGPointExtension.swift; sourceTree = "<group>"; };
		578AD3612610296000CCEA5F /* CGFloatExtension.swift */ = {isa = PBXFileReference; lastKnownFileType = sourcecode.swift; path = CGFloatExtension.swift; sourceTree = "<group>"; };
		578F26DC2602477700B421E4 /* AmeliaDespairTests.xctest */ = {isa = PBXFileReference; explicitFileType = wrapper.cfbundle; includeInIndex = 0; path = AmeliaDespairTests.xctest; sourceTree = BUILT_PRODUCTS_DIR; };
		578F26DE2602477700B421E4 /* MoveComponentTests.swift */ = {isa = PBXFileReference; lastKnownFileType = sourcecode.swift; path = MoveComponentTests.swift; sourceTree = "<group>"; };
		578F26E02602477700B421E4 /* Info.plist */ = {isa = PBXFileReference; lastKnownFileType = text.plist.xml; path = Info.plist; sourceTree = "<group>"; };
		57926710260B6C5100FFB0E4 /* ImageButton.swift */ = {isa = PBXFileReference; lastKnownFileType = sourcecode.swift; path = ImageButton.swift; sourceTree = "<group>"; };
		5792672C260B7B0700FFB0E4 /* PauseIcon.png */ = {isa = PBXFileReference; lastKnownFileType = image.png; path = PauseIcon.png; sourceTree = "<group>"; };
		57926738260B7FF200FFB0E4 /* PauseNode.swift */ = {isa = PBXFileReference; lastKnownFileType = sourcecode.swift; path = PauseNode.swift; sourceTree = "<group>"; };
		57926740260B840600FFB0E4 /* GameScene.swift */ = {isa = PBXFileReference; lastKnownFileType = sourcecode.swift; path = GameScene.swift; sourceTree = "<group>"; };
		5796D4AD260F482200D353F5 /* MenuScene.swift */ = {isa = PBXFileReference; lastKnownFileType = sourcecode.swift; path = MenuScene.swift; sourceTree = "<group>"; };
		57BC6C4A260E267A00180822 /* LabelButton.swift */ = {isa = PBXFileReference; lastKnownFileType = sourcecode.swift; path = LabelButton.swift; sourceTree = "<group>"; };
		57BD17F7260598970026388B /* Amelia.png */ = {isa = PBXFileReference; lastKnownFileType = image.png; path = Amelia.png; sourceTree = "<group>"; };
		57CAD838260A14C100B5FACC /* PlayerAtlasName.swift */ = {isa = PBXFileReference; lastKnownFileType = sourcecode.swift; path = PlayerAtlasName.swift; sourceTree = "<group>"; };
		57CAD83F260A1BC200B5FACC /* GKStateMachineExtension.swift */ = {isa = PBXFileReference; lastKnownFileType = sourcecode.swift; path = GKStateMachineExtension.swift; sourceTree = "<group>"; };
		57CAD856260A1E5400B5FACC /* PlayerWalkUp.atlas */ = {isa = PBXFileReference; lastKnownFileType = folder.skatlas; path = PlayerWalkUp.atlas; sourceTree = "<group>"; };
		690AA446262EFB3F003DA1E8 /* WalkStateTest.swift */ = {isa = PBXFileReference; lastKnownFileType = sourcecode.swift; path = WalkStateTest.swift; sourceTree = "<group>"; };
		690AA44A2630685F003DA1E8 /* IdleStateTest.swift */ = {isa = PBXFileReference; lastKnownFileType = sourcecode.swift; path = IdleStateTest.swift; sourceTree = "<group>"; };
		6E18B6AC261B363C00E1A75C /* SoundComponent.swift */ = {isa = PBXFileReference; lastKnownFileType = sourcecode.swift; path = SoundComponent.swift; sourceTree = "<group>"; };
		6E18B6BC261B48D800E1A75C /* playerWalking.wav */ = {isa = PBXFileReference; lastKnownFileType = audio.wav; path = playerWalking.wav; sourceTree = "<group>"; };
		6E18B6C0261B51BE00E1A75C /* SoundComponentTests.swift */ = {isa = PBXFileReference; lastKnownFileType = sourcecode.swift; path = SoundComponentTests.swift; sourceTree = "<group>"; };
		6E18B6C6261B5BCB00E1A75C /* bump.wav */ = {isa = PBXFileReference; lastKnownFileType = audio.wav; path = bump.wav; sourceTree = "<group>"; };
		6E2937CD26306CDC0037921E /* EnemyWalkUp.atlas */ = {isa = PBXFileReference; lastKnownFileType = folder.skatlas; path = EnemyWalkUp.atlas; sourceTree = "<group>"; };
		6E6D6271261DF0E800C7B2A6 /* AnimatedSpriteComponentTests.swift */ = {isa = PBXFileReference; lastKnownFileType = sourcecode.swift; path = AnimatedSpriteComponentTests.swift; sourceTree = "<group>"; };
		6EA2E0DC2611FDCF00223CE9 /* GameBackground.png */ = {isa = PBXFileReference; lastKnownFileType = image.png; path = GameBackground.png; sourceTree = "<group>"; };
		6EB9518A262EFD8C00B64F78 /* EnemyEntity.swift */ = {isa = PBXFileReference; lastKnownFileType = sourcecode.swift; path = EnemyEntity.swift; sourceTree = "<group>"; };
		6EB9518E262EFDC000B64F78 /* EnemyAtlasName.swift */ = {isa = PBXFileReference; lastKnownFileType = sourcecode.swift; path = EnemyAtlasName.swift; sourceTree = "<group>"; };
		6EB951B0262F167A00B64F78 /* EnemyWalkDown.atlas */ = {isa = PBXFileReference; lastKnownFileType = folder.skatlas; path = EnemyWalkDown.atlas; sourceTree = "<group>"; };
		6EB951B4262F168000B64F78 /* EnemyWalkLeft.atlas */ = {isa = PBXFileReference; lastKnownFileType = folder.skatlas; path = EnemyWalkLeft.atlas; sourceTree = "<group>"; };
		6EB951B8262F168900B64F78 /* EnemyWalkRight.atlas */ = {isa = PBXFileReference; lastKnownFileType = folder.skatlas; path = EnemyWalkRight.atlas; sourceTree = "<group>"; };
		6EB951C0262F55BF00B64F78 /* EnemyControlComponent.swift */ = {isa = PBXFileReference; lastKnownFileType = sourcecode.swift; name = EnemyControlComponent.swift; path = AmeliaDespair/Components/EnemyControlComponent.swift; sourceTree = SOURCE_ROOT; };
		6EB951C6262F55E400B64F78 /* EnemyWalkState.swift */ = {isa = PBXFileReference; lastKnownFileType = sourcecode.swift; path = EnemyWalkState.swift; sourceTree = "<group>"; };
		6EF9A8A525FFA3BF007A751D /* AmeliaDespair.app */ = {isa = PBXFileReference; explicitFileType = wrapper.application; includeInIndex = 0; path = AmeliaDespair.app; sourceTree = BUILT_PRODUCTS_DIR; };
		6EF9A8A825FFA3BF007A751D /* AppDelegate.swift */ = {isa = PBXFileReference; lastKnownFileType = sourcecode.swift; path = AppDelegate.swift; sourceTree = "<group>"; };
		6EF9A8AE25FFA3BF007A751D /* GameNode.swift */ = {isa = PBXFileReference; lastKnownFileType = sourcecode.swift; path = GameNode.swift; sourceTree = "<group>"; };
		6EF9A8B025FFA3BF007A751D /* GameViewController.swift */ = {isa = PBXFileReference; lastKnownFileType = sourcecode.swift; path = GameViewController.swift; sourceTree = "<group>"; };
		6EF9A8B525FFA3C0007A751D /* Assets.xcassets */ = {isa = PBXFileReference; lastKnownFileType = folder.assetcatalog; path = Assets.xcassets; sourceTree = "<group>"; };
		6EF9A8B725FFA3C0007A751D /* Info.plist */ = {isa = PBXFileReference; lastKnownFileType = text.plist.xml; path = Info.plist; sourceTree = "<group>"; };
		6EFDEC582603765600B21561 /* CollisionComponent.swift */ = {isa = PBXFileReference; lastKnownFileType = sourcecode.swift; path = CollisionComponent.swift; sourceTree = "<group>"; };
		6EFDEC5C2603822000B21561 /* CollisionComponentTests.swift */ = {isa = PBXFileReference; lastKnownFileType = sourcecode.swift; path = CollisionComponentTests.swift; sourceTree = "<group>"; };
/* End PBXFileReference section */

/* Begin PBXFrameworksBuildPhase section */
		578F26D92602477700B421E4 /* Frameworks */ = {
			isa = PBXFrameworksBuildPhase;
			buildActionMask = 2147483647;
			files = (
			);
			runOnlyForDeploymentPostprocessing = 0;
		};
		6EF9A8A225FFA3BF007A751D /* Frameworks */ = {
			isa = PBXFrameworksBuildPhase;
			buildActionMask = 2147483647;
			files = (
			);
			runOnlyForDeploymentPostprocessing = 0;
		};
/* End PBXFrameworksBuildPhase section */

/* Begin PBXGroup section */
		5716258426057A5A00477D9E /* Image */ = {
			isa = PBXGroup;
			children = (
				6E2937CD26306CDC0037921E /* EnemyWalkUp.atlas */,
				6EB951B8262F168900B64F78 /* EnemyWalkRight.atlas */,
				6EB951B4262F168000B64F78 /* EnemyWalkLeft.atlas */,
				6EB951B0262F167A00B64F78 /* EnemyWalkDown.atlas */,
				57CAD856260A1E5400B5FACC /* PlayerWalkUp.atlas */,
				575E10B72608E0D8000F414E /* PlayerWalkDown.atlas */,
				578AD33E2610101D00CCEA5F /* PlayerWalkLeft.atlas */,
				578AD3422610103000CCEA5F /* PlayerWalkRight.atlas */,
				6EA2E0DC2611FDCF00223CE9 /* GameBackground.png */,
				57BD17F7260598970026388B /* Amelia.png */,
				575E10882608CB87000F414E /* ActionButton.png */,
				5792672C260B7B0700FFB0E4 /* PauseIcon.png */,
			);
			path = Image;
			sourceTree = "<group>";
		};
		57162591260588CD00477D9E /* Enums */ = {
			isa = PBXGroup;
			children = (
				571625922605891B00477D9E /* DrawingPlane.swift */,
				57531ACE26091C46005EEA5F /* Direction.swift */,
				57CAD838260A14C100B5FACC /* PlayerAtlasName.swift */,
				6EB9518E262EFDC000B64F78 /* EnemyAtlasName.swift */,
			);
			path = Enums;
			sourceTree = "<group>";
		};
		5721ECD02600DAF900A7071C /* Controllers */ = {
			isa = PBXGroup;
			children = (
				6EF9A8B025FFA3BF007A751D /* GameViewController.swift */,
			);
			path = Controllers;
			sourceTree = "<group>";
		};
		572E381B260A320000A2FFD1 /* Fonts */ = {
			isa = PBXGroup;
			children = (
				572E381C260A322900A2FFD1 /* Gruppo-Regular.ttf */,
				572E3822260A348100A2FFD1 /* Montserrat-Light.ttf */,
			);
			path = Fonts;
			sourceTree = "<group>";
		};
		5751BF1C2600D2AB0032D010 /* Entities */ = {
			isa = PBXGroup;
			children = (
				5721ECDB2600DC7D00A7071C /* PlayerEntity.swift */,
				5721ECDE2600DCBB00A7071C /* LongHandsEntity.swift */,
				5721ECE12600DCD100A7071C /* CrackedHeadEntity.swift */,
				5721ECE42600DCF100A7071C /* FriendlyNPCEntity.swift */,
				5716258B260583DC00477D9E /* BackgroundEntity.swift */,
				6EB9518A262EFD8C00B64F78 /* EnemyEntity.swift */,
			);
			path = Entities;
			sourceTree = "<group>";
		};
		5751BF1D2600D2B10032D010 /* Components */ = {
			isa = PBXGroup;
			children = (
				6EB951C0262F55BF00B64F78 /* EnemyControlComponent.swift */,
				5721ECE72600DD3500A7071C /* MovementComponent.swift */,
				5721ECEA2600DD5000A7071C /* AnimatedSpriteComponent.swift */,
				6EFDEC582603765600B21561 /* CollisionComponent.swift */,
				575E10842608C8E9000F414E /* AttackComponent.swift */,
				575E10C42608E7C5000F414E /* PlayerControlComponent.swift */,
				6E18B6AC261B363C00E1A75C /* SoundComponent.swift */,
			);
			path = Components;
			sourceTree = "<group>";
		};
		5751BF202600D3380032D010 /* Assets */ = {
			isa = PBXGroup;
			children = (
				5751BF212600D3430032D010 /* Audio */,
				5716258426057A5A00477D9E /* Image */,
				572E381B260A320000A2FFD1 /* Fonts */,
			);
			path = Assets;
			sourceTree = "<group>";
		};
		5751BF212600D3430032D010 /* Audio */ = {
			isa = PBXGroup;
			children = (
				6E18B6C6261B5BCB00E1A75C /* bump.wav */,
				6E18B6BC261B48D800E1A75C /* playerWalking.wav */,
				5721ECF02600DDD200A7071C /* AudioPlaceholder */,
			);
			path = Audio;
			sourceTree = "<group>";
		};
		5751BF222600D3630032D010 /* Scenes */ = {
			isa = PBXGroup;
			children = (
				57926740260B840600FFB0E4 /* GameScene.swift */,
				5796D4AD260F482200D353F5 /* MenuScene.swift */,
			);
			path = Scenes;
			sourceTree = "<group>";
		};
		5751BF242600D3CA0032D010 /* Shared */ = {
			isa = PBXGroup;
			children = (
				6EF9A8A825FFA3BF007A751D /* AppDelegate.swift */,
				5751BF252600D3F50032D010 /* SceneDelegate.swift */,
			);
			path = Shared;
			sourceTree = "<group>";
		};
		575E10BB2608E420000F414E /* States */ = {
			isa = PBXGroup;
			children = (
				57531ACA26091C12005EEA5F /* IdleState.swift */,
				575E10BC2608E4A9000F414E /* WalkState.swift */,
				6EB951C6262F55E400B64F78 /* EnemyWalkState.swift */,
			);
			path = States;
			sourceTree = "<group>";
		};
		578F26DD2602477700B421E4 /* AmeliaDespairTests */ = {
			isa = PBXGroup;
			children = (
				578F26DE2602477700B421E4 /* MoveComponentTests.swift */,
				6EFDEC5C2603822000B21561 /* CollisionComponentTests.swift */,
				6E18B6C0261B51BE00E1A75C /* SoundComponentTests.swift */,
				6E6D6271261DF0E800C7B2A6 /* AnimatedSpriteComponentTests.swift */,
				578F26E02602477700B421E4 /* Info.plist */,
				690AA446262EFB3F003DA1E8 /* WalkStateTest.swift */,
				690AA44A2630685F003DA1E8 /* IdleStateTest.swift */,
			);
			path = AmeliaDespairTests;
			sourceTree = "<group>";
		};
		5792670F260B6BFF00FFB0E4 /* Nodes */ = {
			isa = PBXGroup;
			children = (
				57926710260B6C5100FFB0E4 /* ImageButton.swift */,
				57BC6C4A260E267A00180822 /* LabelButton.swift */,
				5721ECF92600EA8100A7071C /* AnalogJoystick.swift */,
				6EF9A8AE25FFA3BF007A751D /* GameNode.swift */,
				57926738260B7FF200FFB0E4 /* PauseNode.swift */,
				571954A1261F440B00A75935 /* GameOverNode.swift */,
			);
			path = Nodes;
			sourceTree = "<group>";
		};
		57CAD83E260A1BAC00B5FACC /* Extensions */ = {
			isa = PBXGroup;
			children = (
				57CAD83F260A1BC200B5FACC /* GKStateMachineExtension.swift */,
				572E3826260A34E100A2FFD1 /* UIColorExtension.swift */,
				578AD348261014E700CCEA5F /* CGPointExtension.swift */,
				578AD3612610296000CCEA5F /* CGFloatExtension.swift */,
			);
			path = Extensions;
			sourceTree = "<group>";
		};
		6EF9A89C25FFA3BF007A751D = {
			isa = PBXGroup;
			children = (
				6EF9A8A725FFA3BF007A751D /* AmeliaDespair */,
				578F26DD2602477700B421E4 /* AmeliaDespairTests */,
				6EF9A8A625FFA3BF007A751D /* Products */,
			);
			sourceTree = "<group>";
		};
		6EF9A8A625FFA3BF007A751D /* Products */ = {
			isa = PBXGroup;
			children = (
				6EF9A8A525FFA3BF007A751D /* AmeliaDespair.app */,
				578F26DC2602477700B421E4 /* AmeliaDespairTests.xctest */,
			);
			name = Products;
			sourceTree = "<group>";
		};
		6EF9A8A725FFA3BF007A751D /* AmeliaDespair */ = {
			isa = PBXGroup;
			children = (
				57CAD83E260A1BAC00B5FACC /* Extensions */,
				57162591260588CD00477D9E /* Enums */,
				5751BF1C2600D2AB0032D010 /* Entities */,
				5751BF1D2600D2B10032D010 /* Components */,
				5751BF242600D3CA0032D010 /* Shared */,
				5721ECD02600DAF900A7071C /* Controllers */,
				5751BF222600D3630032D010 /* Scenes */,
				5792670F260B6BFF00FFB0E4 /* Nodes */,
				5751BF202600D3380032D010 /* Assets */,
				575E10BB2608E420000F414E /* States */,
				5721ECD62600DBB700A7071C /* LaunchScreen.storyboard */,
				6EF9A8B525FFA3C0007A751D /* Assets.xcassets */,
				6EF9A8B725FFA3C0007A751D /* Info.plist */,
			);
			path = AmeliaDespair;
			sourceTree = "<group>";
		};
/* End PBXGroup section */

/* Begin PBXNativeTarget section */
		578F26DB2602477700B421E4 /* AmeliaDespairTests */ = {
			isa = PBXNativeTarget;
			buildConfigurationList = 578F26E32602477700B421E4 /* Build configuration list for PBXNativeTarget "AmeliaDespairTests" */;
			buildPhases = (
				578F26D82602477700B421E4 /* Sources */,
				578F26D92602477700B421E4 /* Frameworks */,
				578F26DA2602477700B421E4 /* Resources */,
			);
			buildRules = (
			);
			dependencies = (
				578F26E22602477700B421E4 /* PBXTargetDependency */,
			);
			name = AmeliaDespairTests;
			productName = AmeliaDespairTests;
			productReference = 578F26DC2602477700B421E4 /* AmeliaDespairTests.xctest */;
			productType = "com.apple.product-type.bundle.unit-test";
		};
		6EF9A8A425FFA3BF007A751D /* AmeliaDespair */ = {
			isa = PBXNativeTarget;
			buildConfigurationList = 6EF9A8BA25FFA3C0007A751D /* Build configuration list for PBXNativeTarget "AmeliaDespair" */;
			buildPhases = (
				6EF9A8A125FFA3BF007A751D /* Sources */,
				6EF9A8A225FFA3BF007A751D /* Frameworks */,
				6EF9A8A325FFA3BF007A751D /* Resources */,
				6EF9A8BF25FFA8DC007A751D /* ShellScript */,
			);
			buildRules = (
			);
			dependencies = (
			);
			name = AmeliaDespair;
			productName = AmeliaDespair;
			productReference = 6EF9A8A525FFA3BF007A751D /* AmeliaDespair.app */;
			productType = "com.apple.product-type.application";
		};
/* End PBXNativeTarget section */

/* Begin PBXProject section */
		6EF9A89D25FFA3BF007A751D /* Project object */ = {
			isa = PBXProject;
			attributes = {
				LastSwiftUpdateCheck = 1240;
				LastUpgradeCheck = 1240;
				TargetAttributes = {
					578F26DB2602477700B421E4 = {
						CreatedOnToolsVersion = 12.4;
						TestTargetID = 6EF9A8A425FFA3BF007A751D;
					};
					6EF9A8A425FFA3BF007A751D = {
						CreatedOnToolsVersion = 12.4;
					};
				};
			};
			buildConfigurationList = 6EF9A8A025FFA3BF007A751D /* Build configuration list for PBXProject "AmeliaDespair" */;
			compatibilityVersion = "Xcode 9.3";
			developmentRegion = en;
			hasScannedForEncodings = 0;
			knownRegions = (
				en,
				Base,
			);
			mainGroup = 6EF9A89C25FFA3BF007A751D;
			productRefGroup = 6EF9A8A625FFA3BF007A751D /* Products */;
			projectDirPath = "";
			projectRoot = "";
			targets = (
				6EF9A8A425FFA3BF007A751D /* AmeliaDespair */,
				578F26DB2602477700B421E4 /* AmeliaDespairTests */,
			);
		};
/* End PBXProject section */

/* Begin PBXResourcesBuildPhase section */
		578F26DA2602477700B421E4 /* Resources */ = {
			isa = PBXResourcesBuildPhase;
			buildActionMask = 2147483647;
			files = (
			);
			runOnlyForDeploymentPostprocessing = 0;
		};
		6EF9A8A325FFA3BF007A751D /* Resources */ = {
			isa = PBXResourcesBuildPhase;
			buildActionMask = 2147483647;
			files = (
				6EB951B9262F168900B64F78 /* EnemyWalkRight.atlas in Resources */,
				6E2937CE26306CDC0037921E /* EnemyWalkUp.atlas in Resources */,
				6E18B6C7261B5BCB00E1A75C /* bump.wav in Resources */,
				6EA2E0DF2611FE7D00223CE9 /* GameBackground.png in Resources */,
				6E18B6BD261B48D800E1A75C /* playerWalking.wav in Resources */,
				572E3823260A348100A2FFD1 /* Montserrat-Light.ttf in Resources */,
				578AD3432610103000CCEA5F /* PlayerWalkRight.atlas in Resources */,
				5792672D260B7B0700FFB0E4 /* PauseIcon.png in Resources */,
				6EF9A8B625FFA3C0007A751D /* Assets.xcassets in Resources */,
				57BD17F8260598970026388B /* Amelia.png in Resources */,
				575E10B82608E0D8000F414E /* PlayerWalkDown.atlas in Resources */,
				575E10892608CB87000F414E /* ActionButton.png in Resources */,
				572E381D260A326F00A2FFD1 /* Gruppo-Regular.ttf in Resources */,
				6EB951B1262F167A00B64F78 /* EnemyWalkDown.atlas in Resources */,
				5721ECF12600DDD200A7071C /* AudioPlaceholder in Resources */,
				57CAD857260A1E5400B5FACC /* PlayerWalkUp.atlas in Resources */,
				578AD33F2610101D00CCEA5F /* PlayerWalkLeft.atlas in Resources */,
				5721ECD82600DBB700A7071C /* LaunchScreen.storyboard in Resources */,
				6EB951B5262F168000B64F78 /* EnemyWalkLeft.atlas in Resources */,
			);
			runOnlyForDeploymentPostprocessing = 0;
		};
/* End PBXResourcesBuildPhase section */

/* Begin PBXShellScriptBuildPhase section */
		6EF9A8BF25FFA8DC007A751D /* ShellScript */ = {
			isa = PBXShellScriptBuildPhase;
			buildActionMask = 2147483647;
			files = (
			);
			inputFileListPaths = (
			);
			inputPaths = (
			);
			outputFileListPaths = (
			);
			outputPaths = (
			);
			runOnlyForDeploymentPostprocessing = 0;
			shellPath = /bin/sh;
			shellScript = "# swiftlint script\nif which swiftlint >/dev/null; then\n    swiftlint\nelse\n    echo \"warning: Swiftlint not installed, download from https://github.com/realm/SwiftLint\"\nfi\n";
		};
/* End PBXShellScriptBuildPhase section */

/* Begin PBXSourcesBuildPhase section */
		578F26D82602477700B421E4 /* Sources */ = {
			isa = PBXSourcesBuildPhase;
			buildActionMask = 2147483647;
			files = (
				578F26DF2602477700B421E4 /* MoveComponentTests.swift in Sources */,
				6E6D6272261DF0E800C7B2A6 /* AnimatedSpriteComponentTests.swift in Sources */,
				690AA447262EFB3F003DA1E8 /* WalkStateTest.swift in Sources */,
				6EFDEC5D2603822000B21561 /* CollisionComponentTests.swift in Sources */,
				6E18B6C1261B51BE00E1A75C /* SoundComponentTests.swift in Sources */,
				690AA44B2630685F003DA1E8 /* IdleStateTest.swift in Sources */,
			);
			runOnlyForDeploymentPostprocessing = 0;
		};
		6EF9A8A125FFA3BF007A751D /* Sources */ = {
			isa = PBXSourcesBuildPhase;
			buildActionMask = 2147483647;
			files = (
				57531ACB26091C12005EEA5F /* IdleState.swift in Sources */,
				5796D4AE260F482200D353F5 /* MenuScene.swift in Sources */,
				57CAD840260A1BC200B5FACC /* GKStateMachineExtension.swift in Sources */,
				5721ECDC2600DC7D00A7071C /* PlayerEntity.swift in Sources */,
				57926741260B840600FFB0E4 /* GameScene.swift in Sources */,
				57BC6C4B260E267A00180822 /* LabelButton.swift in Sources */,
				6EFDEC592603765600B21561 /* CollisionComponent.swift in Sources */,
				6EB9518B262EFD8C00B64F78 /* EnemyEntity.swift in Sources */,
				57531ACF26091C46005EEA5F /* Direction.swift in Sources */,
				575E10C52608E7C5000F414E /* PlayerControlComponent.swift in Sources */,
				575E10852608C8E9000F414E /* AttackComponent.swift in Sources */,
				57CAD839260A14C100B5FACC /* PlayerAtlasName.swift in Sources */,
				575E10BD2608E4A9000F414E /* WalkState.swift in Sources */,
				6EF9A8AF25FFA3BF007A751D /* GameNode.swift in Sources */,
				578AD3622610296000CCEA5F /* CGFloatExtension.swift in Sources */,
				572E3827260A34E100A2FFD1 /* UIColorExtension.swift in Sources */,
				6EB951C7262F55E400B64F78 /* EnemyWalkState.swift in Sources */,
				6EF9A8B125FFA3BF007A751D /* GameViewController.swift in Sources */,
				571625932605891B00477D9E /* DrawingPlane.swift in Sources */,
				5721ECDF2600DCBB00A7071C /* LongHandsEntity.swift in Sources */,
				57926711260B6C5100FFB0E4 /* ImageButton.swift in Sources */,
				6E18B6AD261B363C00E1A75C /* SoundComponent.swift in Sources */,
				57926739260B7FF200FFB0E4 /* PauseNode.swift in Sources */,
				6EB951C1262F55BF00B64F78 /* EnemyControlComponent.swift in Sources */,
				6EF9A8A925FFA3BF007A751D /* AppDelegate.swift in Sources */,
				5721ECE52600DCF100A7071C /* FriendlyNPCEntity.swift in Sources */,
				5721ECE22600DCD100A7071C /* CrackedHeadEntity.swift in Sources */,
				5751BF262600D3F50032D010 /* SceneDelegate.swift in Sources */,
				5721ECFA2600EA8100A7071C /* AnalogJoystick.swift in Sources */,
				578AD349261014E700CCEA5F /* CGPointExtension.swift in Sources */,
				6EB9518F262EFDC000B64F78 /* EnemyAtlasName.swift in Sources */,
				5721ECE82600DD3500A7071C /* MovementComponent.swift in Sources */,
				571954A2261F440B00A75935 /* GameOverNode.swift in Sources */,
				5716258C260583DC00477D9E /* BackgroundEntity.swift in Sources */,
				5721ECEB2600DD5000A7071C /* AnimatedSpriteComponent.swift in Sources */,
			);
			runOnlyForDeploymentPostprocessing = 0;
		};
/* End PBXSourcesBuildPhase section */

/* Begin PBXTargetDependency section */
		578F26E22602477700B421E4 /* PBXTargetDependency */ = {
			isa = PBXTargetDependency;
			target = 6EF9A8A425FFA3BF007A751D /* AmeliaDespair */;
			targetProxy = 578F26E12602477700B421E4 /* PBXContainerItemProxy */;
		};
/* End PBXTargetDependency section */

/* Begin PBXVariantGroup section */
		5721ECD62600DBB700A7071C /* LaunchScreen.storyboard */ = {
			isa = PBXVariantGroup;
			children = (
				5721ECD72600DBB700A7071C /* Base */,
			);
			name = LaunchScreen.storyboard;
			sourceTree = "<group>";
		};
/* End PBXVariantGroup section */

/* Begin XCBuildConfiguration section */
		578F26E42602477700B421E4 /* Debug */ = {
			isa = XCBuildConfiguration;
			buildSettings = {
				BUNDLE_LOADER = "$(TEST_HOST)";
				CODE_SIGN_STYLE = Automatic;
				DEVELOPMENT_TEAM = 828XYUZTZQ;
				INFOPLIST_FILE = AmeliaDespairTests/Info.plist;
				LD_RUNPATH_SEARCH_PATHS = (
					"$(inherited)",
					"@executable_path/Frameworks",
					"@loader_path/Frameworks",
				);
				PRODUCT_BUNDLE_IDENTIFIER = ameliaDespair.AmeliaDespairTests;
				PRODUCT_NAME = "$(TARGET_NAME)";
				SWIFT_VERSION = 5.0;
				TARGETED_DEVICE_FAMILY = "1,2";
				TEST_HOST = "$(BUILT_PRODUCTS_DIR)/AmeliaDespair.app/AmeliaDespair";
			};
			name = Debug;
		};
		578F26E52602477700B421E4 /* Release */ = {
			isa = XCBuildConfiguration;
			buildSettings = {
				BUNDLE_LOADER = "$(TEST_HOST)";
				CODE_SIGN_STYLE = Automatic;
				DEVELOPMENT_TEAM = 828XYUZTZQ;
				INFOPLIST_FILE = AmeliaDespairTests/Info.plist;
				LD_RUNPATH_SEARCH_PATHS = (
					"$(inherited)",
					"@executable_path/Frameworks",
					"@loader_path/Frameworks",
				);
				PRODUCT_BUNDLE_IDENTIFIER = ameliaDespair.AmeliaDespairTests;
				PRODUCT_NAME = "$(TARGET_NAME)";
				SWIFT_VERSION = 5.0;
				TARGETED_DEVICE_FAMILY = "1,2";
				TEST_HOST = "$(BUILT_PRODUCTS_DIR)/AmeliaDespair.app/AmeliaDespair";
			};
			name = Release;
		};
		6EF9A8B825FFA3C0007A751D /* Debug */ = {
			isa = XCBuildConfiguration;
			buildSettings = {
				ALWAYS_SEARCH_USER_PATHS = NO;
				CLANG_ANALYZER_NONNULL = YES;
				CLANG_ANALYZER_NUMBER_OBJECT_CONVERSION = YES_AGGRESSIVE;
				CLANG_CXX_LANGUAGE_STANDARD = "gnu++14";
				CLANG_CXX_LIBRARY = "libc++";
				CLANG_ENABLE_MODULES = YES;
				CLANG_ENABLE_OBJC_ARC = YES;
				CLANG_ENABLE_OBJC_WEAK = YES;
				CLANG_WARN_BLOCK_CAPTURE_AUTORELEASING = YES;
				CLANG_WARN_BOOL_CONVERSION = YES;
				CLANG_WARN_COMMA = YES;
				CLANG_WARN_CONSTANT_CONVERSION = YES;
				CLANG_WARN_DEPRECATED_OBJC_IMPLEMENTATIONS = YES;
				CLANG_WARN_DIRECT_OBJC_ISA_USAGE = YES_ERROR;
				CLANG_WARN_DOCUMENTATION_COMMENTS = YES;
				CLANG_WARN_EMPTY_BODY = YES;
				CLANG_WARN_ENUM_CONVERSION = YES;
				CLANG_WARN_INFINITE_RECURSION = YES;
				CLANG_WARN_INT_CONVERSION = YES;
				CLANG_WARN_NON_LITERAL_NULL_CONVERSION = YES;
				CLANG_WARN_OBJC_IMPLICIT_RETAIN_SELF = YES;
				CLANG_WARN_OBJC_LITERAL_CONVERSION = YES;
				CLANG_WARN_OBJC_ROOT_CLASS = YES_ERROR;
				CLANG_WARN_QUOTED_INCLUDE_IN_FRAMEWORK_HEADER = YES;
				CLANG_WARN_RANGE_LOOP_ANALYSIS = YES;
				CLANG_WARN_STRICT_PROTOTYPES = YES;
				CLANG_WARN_SUSPICIOUS_MOVE = YES;
				CLANG_WARN_UNGUARDED_AVAILABILITY = YES_AGGRESSIVE;
				CLANG_WARN_UNREACHABLE_CODE = YES;
				CLANG_WARN__DUPLICATE_METHOD_MATCH = YES;
				COPY_PHASE_STRIP = NO;
				DEBUG_INFORMATION_FORMAT = dwarf;
				ENABLE_STRICT_OBJC_MSGSEND = YES;
				ENABLE_TESTABILITY = YES;
				GCC_C_LANGUAGE_STANDARD = gnu11;
				GCC_DYNAMIC_NO_PIC = NO;
				GCC_NO_COMMON_BLOCKS = YES;
				GCC_OPTIMIZATION_LEVEL = 0;
				GCC_PREPROCESSOR_DEFINITIONS = (
					"DEBUG=1",
					"$(inherited)",
				);
				GCC_WARN_64_TO_32_BIT_CONVERSION = YES;
				GCC_WARN_ABOUT_RETURN_TYPE = YES_ERROR;
				GCC_WARN_UNDECLARED_SELECTOR = YES;
				GCC_WARN_UNINITIALIZED_AUTOS = YES_AGGRESSIVE;
				GCC_WARN_UNUSED_FUNCTION = YES;
				GCC_WARN_UNUSED_VARIABLE = YES;
				IPHONEOS_DEPLOYMENT_TARGET = 14.4;
				MTL_ENABLE_DEBUG_INFO = INCLUDE_SOURCE;
				MTL_FAST_MATH = YES;
				ONLY_ACTIVE_ARCH = YES;
				SDKROOT = iphoneos;
				SWIFT_ACTIVE_COMPILATION_CONDITIONS = DEBUG;
				SWIFT_OPTIMIZATION_LEVEL = "-Onone";
			};
			name = Debug;
		};
		6EF9A8B925FFA3C0007A751D /* Release */ = {
			isa = XCBuildConfiguration;
			buildSettings = {
				ALWAYS_SEARCH_USER_PATHS = NO;
				CLANG_ANALYZER_NONNULL = YES;
				CLANG_ANALYZER_NUMBER_OBJECT_CONVERSION = YES_AGGRESSIVE;
				CLANG_CXX_LANGUAGE_STANDARD = "gnu++14";
				CLANG_CXX_LIBRARY = "libc++";
				CLANG_ENABLE_MODULES = YES;
				CLANG_ENABLE_OBJC_ARC = YES;
				CLANG_ENABLE_OBJC_WEAK = YES;
				CLANG_WARN_BLOCK_CAPTURE_AUTORELEASING = YES;
				CLANG_WARN_BOOL_CONVERSION = YES;
				CLANG_WARN_COMMA = YES;
				CLANG_WARN_CONSTANT_CONVERSION = YES;
				CLANG_WARN_DEPRECATED_OBJC_IMPLEMENTATIONS = YES;
				CLANG_WARN_DIRECT_OBJC_ISA_USAGE = YES_ERROR;
				CLANG_WARN_DOCUMENTATION_COMMENTS = YES;
				CLANG_WARN_EMPTY_BODY = YES;
				CLANG_WARN_ENUM_CONVERSION = YES;
				CLANG_WARN_INFINITE_RECURSION = YES;
				CLANG_WARN_INT_CONVERSION = YES;
				CLANG_WARN_NON_LITERAL_NULL_CONVERSION = YES;
				CLANG_WARN_OBJC_IMPLICIT_RETAIN_SELF = YES;
				CLANG_WARN_OBJC_LITERAL_CONVERSION = YES;
				CLANG_WARN_OBJC_ROOT_CLASS = YES_ERROR;
				CLANG_WARN_QUOTED_INCLUDE_IN_FRAMEWORK_HEADER = YES;
				CLANG_WARN_RANGE_LOOP_ANALYSIS = YES;
				CLANG_WARN_STRICT_PROTOTYPES = YES;
				CLANG_WARN_SUSPICIOUS_MOVE = YES;
				CLANG_WARN_UNGUARDED_AVAILABILITY = YES_AGGRESSIVE;
				CLANG_WARN_UNREACHABLE_CODE = YES;
				CLANG_WARN__DUPLICATE_METHOD_MATCH = YES;
				COPY_PHASE_STRIP = NO;
				DEBUG_INFORMATION_FORMAT = "dwarf-with-dsym";
				ENABLE_NS_ASSERTIONS = NO;
				ENABLE_STRICT_OBJC_MSGSEND = YES;
				GCC_C_LANGUAGE_STANDARD = gnu11;
				GCC_NO_COMMON_BLOCKS = YES;
				GCC_WARN_64_TO_32_BIT_CONVERSION = YES;
				GCC_WARN_ABOUT_RETURN_TYPE = YES_ERROR;
				GCC_WARN_UNDECLARED_SELECTOR = YES;
				GCC_WARN_UNINITIALIZED_AUTOS = YES_AGGRESSIVE;
				GCC_WARN_UNUSED_FUNCTION = YES;
				GCC_WARN_UNUSED_VARIABLE = YES;
				IPHONEOS_DEPLOYMENT_TARGET = 14.4;
				MTL_ENABLE_DEBUG_INFO = NO;
				MTL_FAST_MATH = YES;
				SDKROOT = iphoneos;
				SWIFT_COMPILATION_MODE = wholemodule;
				SWIFT_OPTIMIZATION_LEVEL = "-O";
				VALIDATE_PRODUCT = YES;
			};
			name = Release;
		};
		6EF9A8BB25FFA3C0007A751D /* Debug */ = {
			isa = XCBuildConfiguration;
			buildSettings = {
				ASSETCATALOG_COMPILER_APPICON_NAME = AppIcon;
				ASSETCATALOG_COMPILER_GLOBAL_ACCENT_COLOR_NAME = AccentColor;
				CODE_SIGN_STYLE = Automatic;
				CURRENT_PROJECT_VERSION = 2;
				DEVELOPMENT_TEAM = BSANZ76H3Y;
				INFOPLIST_FILE = AmeliaDespair/Info.plist;
				IPHONEOS_DEPLOYMENT_TARGET = 14.1;
				LD_RUNPATH_SEARCH_PATHS = (
					"$(inherited)",
					"@executable_path/Frameworks",
				);
				PRODUCT_BUNDLE_IDENTIFIER = com.ameliaDespair.AmeliaDespair;
				PRODUCT_NAME = "$(TARGET_NAME)";
				SWIFT_VERSION = 5.0;
				TARGETED_DEVICE_FAMILY = 1;
			};
			name = Debug;
		};
		6EF9A8BC25FFA3C0007A751D /* Release */ = {
			isa = XCBuildConfiguration;
			buildSettings = {
				ASSETCATALOG_COMPILER_APPICON_NAME = AppIcon;
				ASSETCATALOG_COMPILER_GLOBAL_ACCENT_COLOR_NAME = AccentColor;
				CODE_SIGN_STYLE = Automatic;
				CURRENT_PROJECT_VERSION = 2;
				DEVELOPMENT_TEAM = BSANZ76H3Y;
				INFOPLIST_FILE = AmeliaDespair/Info.plist;
				IPHONEOS_DEPLOYMENT_TARGET = 14.1;
				LD_RUNPATH_SEARCH_PATHS = (
					"$(inherited)",
					"@executable_path/Frameworks",
				);
				PRODUCT_BUNDLE_IDENTIFIER = com.ameliaDespair.AmeliaDespair;
				PRODUCT_NAME = "$(TARGET_NAME)";
				SWIFT_VERSION = 5.0;
				TARGETED_DEVICE_FAMILY = 1;
			};
			name = Release;
		};
/* End XCBuildConfiguration section */

/* Begin XCConfigurationList section */
		578F26E32602477700B421E4 /* Build configuration list for PBXNativeTarget "AmeliaDespairTests" */ = {
			isa = XCConfigurationList;
			buildConfigurations = (
				578F26E42602477700B421E4 /* Debug */,
				578F26E52602477700B421E4 /* Release */,
			);
			defaultConfigurationIsVisible = 0;
			defaultConfigurationName = Release;
		};
		6EF9A8A025FFA3BF007A751D /* Build configuration list for PBXProject "AmeliaDespair" */ = {
			isa = XCConfigurationList;
			buildConfigurations = (
				6EF9A8B825FFA3C0007A751D /* Debug */,
				6EF9A8B925FFA3C0007A751D /* Release */,
			);
			defaultConfigurationIsVisible = 0;
			defaultConfigurationName = Release;
		};
		6EF9A8BA25FFA3C0007A751D /* Build configuration list for PBXNativeTarget "AmeliaDespair" */ = {
			isa = XCConfigurationList;
			buildConfigurations = (
				6EF9A8BB25FFA3C0007A751D /* Debug */,
				6EF9A8BC25FFA3C0007A751D /* Release */,
			);
			defaultConfigurationIsVisible = 0;
			defaultConfigurationName = Release;
		};
/* End XCConfigurationList section */
	};
	rootObject = 6EF9A89D25FFA3BF007A751D /* Project object */;
}
