// !$*UTF8*$!
{
	archiveVersion = 1;
	classes = {
	};
	objectVersion = 50;
	objects = {

/* Begin PBXBuildFile section */
		5721ECD82600DBB700A7071C /* LaunchScreen.storyboard in Resources */ = {isa = PBXBuildFile; fileRef = 5721ECD62600DBB700A7071C /* LaunchScreen.storyboard */; };
		5721ECDC2600DC7D00A7071C /* PlayerEntity.swift in Sources */ = {isa = PBXBuildFile; fileRef = 5721ECDB2600DC7D00A7071C /* PlayerEntity.swift */; };
		5721ECDF2600DCBB00A7071C /* LongHandsEntity.swift in Sources */ = {isa = PBXBuildFile; fileRef = 5721ECDE2600DCBB00A7071C /* LongHandsEntity.swift */; };
		5721ECE22600DCD100A7071C /* CrackedHeadEntity.swift in Sources */ = {isa = PBXBuildFile; fileRef = 5721ECE12600DCD100A7071C /* CrackedHeadEntity.swift */; };
		5721ECE52600DCF100A7071C /* FriendlyNPCEntity.swift in Sources */ = {isa = PBXBuildFile; fileRef = 5721ECE42600DCF100A7071C /* FriendlyNPCEntity.swift */; };
		5721ECE82600DD3500A7071C /* MoveComponent.swift in Sources */ = {isa = PBXBuildFile; fileRef = 5721ECE72600DD3500A7071C /* MoveComponent.swift */; };
		5721ECEB2600DD5000A7071C /* AnimatedSpriteComponent.swift in Sources */ = {isa = PBXBuildFile; fileRef = 5721ECEA2600DD5000A7071C /* AnimatedSpriteComponent.swift */; };
		5721ECEE2600DDB200A7071C /* AtlasPlaceholder in Resources */ = {isa = PBXBuildFile; fileRef = 5721ECED2600DDB200A7071C /* AtlasPlaceholder */; };
		5721ECF12600DDD200A7071C /* AudioPlaceholder in Resources */ = {isa = PBXBuildFile; fileRef = 5721ECF02600DDD200A7071C /* AudioPlaceholder */; };
		5721ECF42600DDFC00A7071C /* MainMenuView.swift in Sources */ = {isa = PBXBuildFile; fileRef = 5721ECF32600DDFC00A7071C /* MainMenuView.swift */; };
		5721ECF72600DE4E00A7071C /* PlayerStateMachine.swift in Sources */ = {isa = PBXBuildFile; fileRef = 5721ECF62600DE4E00A7071C /* PlayerStateMachine.swift */; };
		5721ECFA2600EA8100A7071C /* AnalogJoystick.swift in Sources */ = {isa = PBXBuildFile; fileRef = 5721ECF92600EA8100A7071C /* AnalogJoystick.swift */; };
		5751BF262600D3F50032D010 /* SceneDelegate.swift in Sources */ = {isa = PBXBuildFile; fileRef = 5751BF252600D3F50032D010 /* SceneDelegate.swift */; };
		6EF9A8A925FFA3BF007A751D /* AppDelegate.swift in Sources */ = {isa = PBXBuildFile; fileRef = 6EF9A8A825FFA3BF007A751D /* AppDelegate.swift */; };
		6EF9A8AF25FFA3BF007A751D /* GameScene.swift in Sources */ = {isa = PBXBuildFile; fileRef = 6EF9A8AE25FFA3BF007A751D /* GameScene.swift */; };
		6EF9A8B125FFA3BF007A751D /* GameViewController.swift in Sources */ = {isa = PBXBuildFile; fileRef = 6EF9A8B025FFA3BF007A751D /* GameViewController.swift */; };
		6EF9A8B625FFA3C0007A751D /* Assets.xcassets in Resources */ = {isa = PBXBuildFile; fileRef = 6EF9A8B525FFA3C0007A751D /* Assets.xcassets */; };
/* End PBXBuildFile section */

/* Begin PBXFileReference section */
		5721ECD72600DBB700A7071C /* Base */ = {isa = PBXFileReference; lastKnownFileType = file.storyboard; name = Base; path = Base.lproj/LaunchScreen.storyboard; sourceTree = "<group>"; };
		5721ECDB2600DC7D00A7071C /* PlayerEntity.swift */ = {isa = PBXFileReference; lastKnownFileType = sourcecode.swift; path = PlayerEntity.swift; sourceTree = "<group>"; };
		5721ECDE2600DCBB00A7071C /* LongHandsEntity.swift */ = {isa = PBXFileReference; lastKnownFileType = sourcecode.swift; path = LongHandsEntity.swift; sourceTree = "<group>"; };
		5721ECE12600DCD100A7071C /* CrackedHeadEntity.swift */ = {isa = PBXFileReference; lastKnownFileType = sourcecode.swift; path = CrackedHeadEntity.swift; sourceTree = "<group>"; };
		5721ECE42600DCF100A7071C /* FriendlyNPCEntity.swift */ = {isa = PBXFileReference; lastKnownFileType = sourcecode.swift; path = FriendlyNPCEntity.swift; sourceTree = "<group>"; };
		5721ECE72600DD3500A7071C /* MoveComponent.swift */ = {isa = PBXFileReference; lastKnownFileType = sourcecode.swift; path = MoveComponent.swift; sourceTree = "<group>"; };
		5721ECEA2600DD5000A7071C /* AnimatedSpriteComponent.swift */ = {isa = PBXFileReference; lastKnownFileType = sourcecode.swift; path = AnimatedSpriteComponent.swift; sourceTree = "<group>"; };
		5721ECED2600DDB200A7071C /* AtlasPlaceholder */ = {isa = PBXFileReference; lastKnownFileType = text; path = AtlasPlaceholder; sourceTree = "<group>"; };
		5721ECF02600DDD200A7071C /* AudioPlaceholder */ = {isa = PBXFileReference; lastKnownFileType = text; path = AudioPlaceholder; sourceTree = "<group>"; };
		5721ECF32600DDFC00A7071C /* MainMenuView.swift */ = {isa = PBXFileReference; lastKnownFileType = sourcecode.swift; path = MainMenuView.swift; sourceTree = "<group>"; };
		5721ECF62600DE4E00A7071C /* PlayerStateMachine.swift */ = {isa = PBXFileReference; lastKnownFileType = sourcecode.swift; path = PlayerStateMachine.swift; sourceTree = "<group>"; };
		5721ECF92600EA8100A7071C /* AnalogJoystick.swift */ = {isa = PBXFileReference; lastKnownFileType = sourcecode.swift; path = AnalogJoystick.swift; sourceTree = "<group>"; };
		5751BF252600D3F50032D010 /* SceneDelegate.swift */ = {isa = PBXFileReference; lastKnownFileType = sourcecode.swift; path = SceneDelegate.swift; sourceTree = "<group>"; };
		6EF9A8A525FFA3BF007A751D /* AmeliaDespair.app */ = {isa = PBXFileReference; explicitFileType = wrapper.application; includeInIndex = 0; path = AmeliaDespair.app; sourceTree = BUILT_PRODUCTS_DIR; };
		6EF9A8A825FFA3BF007A751D /* AppDelegate.swift */ = {isa = PBXFileReference; lastKnownFileType = sourcecode.swift; path = AppDelegate.swift; sourceTree = "<group>"; };
		6EF9A8AE25FFA3BF007A751D /* GameScene.swift */ = {isa = PBXFileReference; lastKnownFileType = sourcecode.swift; path = GameScene.swift; sourceTree = "<group>"; };
		6EF9A8B025FFA3BF007A751D /* GameViewController.swift */ = {isa = PBXFileReference; lastKnownFileType = sourcecode.swift; path = GameViewController.swift; sourceTree = "<group>"; };
		6EF9A8B525FFA3C0007A751D /* Assets.xcassets */ = {isa = PBXFileReference; lastKnownFileType = folder.assetcatalog; path = Assets.xcassets; sourceTree = "<group>"; };
		6EF9A8B725FFA3C0007A751D /* Info.plist */ = {isa = PBXFileReference; lastKnownFileType = text.plist.xml; path = Info.plist; sourceTree = "<group>"; };
/* End PBXFileReference section */

/* Begin PBXFrameworksBuildPhase section */
		6EF9A8A225FFA3BF007A751D /* Frameworks */ = {
			isa = PBXFrameworksBuildPhase;
			buildActionMask = 2147483647;
			files = (
			);
			runOnlyForDeploymentPostprocessing = 0;
		};
/* End PBXFrameworksBuildPhase section */

/* Begin PBXGroup section */
		5721ECD02600DAF900A7071C /* Controllers */ = {
			isa = PBXGroup;
			children = (
				6EF9A8B025FFA3BF007A751D /* GameViewController.swift */,
			);
			path = Controllers;
			sourceTree = "<group>";
		};
		5751BF1C2600D2AB0032D010 /* Entities */ = {
			isa = PBXGroup;
			children = (
				5721ECDB2600DC7D00A7071C /* PlayerEntity.swift */,
				5721ECDE2600DCBB00A7071C /* LongHandsEntity.swift */,
				5721ECE12600DCD100A7071C /* CrackedHeadEntity.swift */,
				5721ECE42600DCF100A7071C /* FriendlyNPCEntity.swift */,
			);
			path = Entities;
			sourceTree = "<group>";
		};
		5751BF1D2600D2B10032D010 /* Components */ = {
			isa = PBXGroup;
			children = (
				5721ECE72600DD3500A7071C /* MoveComponent.swift */,
				5721ECEA2600DD5000A7071C /* AnimatedSpriteComponent.swift */,
			);
			path = Components;
			sourceTree = "<group>";
		};
		5751BF1E2600D2B70032D010 /* State Machines */ = {
			isa = PBXGroup;
			children = (
				5721ECF62600DE4E00A7071C /* PlayerStateMachine.swift */,
			);
			path = "State Machines";
			sourceTree = "<group>";
		};
		5751BF1F2600D30B0032D010 /* Atlas */ = {
			isa = PBXGroup;
			children = (
				5721ECED2600DDB200A7071C /* AtlasPlaceholder */,
			);
			path = Atlas;
			sourceTree = "<group>";
		};
		5751BF202600D3380032D010 /* Assets */ = {
			isa = PBXGroup;
			children = (
				5751BF212600D3430032D010 /* Audio */,
				5751BF1F2600D30B0032D010 /* Atlas */,
			);
			path = Assets;
			sourceTree = "<group>";
		};
		5751BF212600D3430032D010 /* Audio */ = {
			isa = PBXGroup;
			children = (
				5721ECF02600DDD200A7071C /* AudioPlaceholder */,
			);
			path = Audio;
			sourceTree = "<group>";
		};
		5751BF222600D3630032D010 /* Scenes */ = {
			isa = PBXGroup;
			children = (
				6EF9A8AE25FFA3BF007A751D /* GameScene.swift */,
			);
			path = Scenes;
			sourceTree = "<group>";
		};
		5751BF232600D3670032D010 /* Views */ = {
			isa = PBXGroup;
			children = (
				5721ECF32600DDFC00A7071C /* MainMenuView.swift */,
			);
			path = Views;
			sourceTree = "<group>";
		};
		5751BF242600D3CA0032D010 /* Shared */ = {
			isa = PBXGroup;
			children = (
				6EF9A8A825FFA3BF007A751D /* AppDelegate.swift */,
				5751BF252600D3F50032D010 /* SceneDelegate.swift */,
			);
			path = Shared;
			sourceTree = "<group>";
		};
		6EF9A89C25FFA3BF007A751D = {
			isa = PBXGroup;
			children = (
				6EF9A8A725FFA3BF007A751D /* AmeliaDespair */,
				6EF9A8A625FFA3BF007A751D /* Products */,
			);
			sourceTree = "<group>";
		};
		6EF9A8A625FFA3BF007A751D /* Products */ = {
			isa = PBXGroup;
			children = (
				6EF9A8A525FFA3BF007A751D /* AmeliaDespair.app */,
			);
			name = Products;
			sourceTree = "<group>";
		};
		6EF9A8A725FFA3BF007A751D /* AmeliaDespair */ = {
			isa = PBXGroup;
			children = (
				5751BF1C2600D2AB0032D010 /* Entities */,
				5751BF1D2600D2B10032D010 /* Components */,
				5751BF242600D3CA0032D010 /* Shared */,
				5751BF232600D3670032D010 /* Views */,
				5721ECD02600DAF900A7071C /* Controllers */,
				5751BF222600D3630032D010 /* Scenes */,
				5751BF202600D3380032D010 /* Assets */,
				5751BF1E2600D2B70032D010 /* State Machines */,
				5721ECD62600DBB700A7071C /* LaunchScreen.storyboard */,
				6EF9A8B525FFA3C0007A751D /* Assets.xcassets */,
				6EF9A8B725FFA3C0007A751D /* Info.plist */,
				5721ECF92600EA8100A7071C /* AnalogJoystick.swift */,
			);
			path = AmeliaDespair;
			sourceTree = "<group>";
		};
/* End PBXGroup section */

/* Begin PBXNativeTarget section */
		6EF9A8A425FFA3BF007A751D /* AmeliaDespair */ = {
			isa = PBXNativeTarget;
			buildConfigurationList = 6EF9A8BA25FFA3C0007A751D /* Build configuration list for PBXNativeTarget "AmeliaDespair" */;
			buildPhases = (
				6EF9A8A125FFA3BF007A751D /* Sources */,
				6EF9A8A225FFA3BF007A751D /* Frameworks */,
				6EF9A8A325FFA3BF007A751D /* Resources */,
				6EF9A8BF25FFA8DC007A751D /* ShellScript */,
			);
			buildRules = (
			);
			dependencies = (
			);
			name = AmeliaDespair;
			productName = AmeliaDespair;
			productReference = 6EF9A8A525FFA3BF007A751D /* AmeliaDespair.app */;
			productType = "com.apple.product-type.application";
		};
/* End PBXNativeTarget section */

/* Begin PBXProject section */
		6EF9A89D25FFA3BF007A751D /* Project object */ = {
			isa = PBXProject;
			attributes = {
				LastSwiftUpdateCheck = 1240;
				LastUpgradeCheck = 1240;
				TargetAttributes = {
					6EF9A8A425FFA3BF007A751D = {
						CreatedOnToolsVersion = 12.4;
					};
				};
			};
			buildConfigurationList = 6EF9A8A025FFA3BF007A751D /* Build configuration list for PBXProject "AmeliaDespair" */;
			compatibilityVersion = "Xcode 9.3";
			developmentRegion = en;
			hasScannedForEncodings = 0;
			knownRegions = (
				en,
				Base,
			);
			mainGroup = 6EF9A89C25FFA3BF007A751D;
			productRefGroup = 6EF9A8A625FFA3BF007A751D /* Products */;
			projectDirPath = "";
			projectRoot = "";
			targets = (
				6EF9A8A425FFA3BF007A751D /* AmeliaDespair */,
			);
		};
/* End PBXProject section */

/* Begin PBXResourcesBuildPhase section */
		6EF9A8A325FFA3BF007A751D /* Resources */ = {
			isa = PBXResourcesBuildPhase;
			buildActionMask = 2147483647;
			files = (
				5721ECEE2600DDB200A7071C /* AtlasPlaceholder in Resources */,
				6EF9A8B625FFA3C0007A751D /* Assets.xcassets in Resources */,
				5721ECF12600DDD200A7071C /* AudioPlaceholder in Resources */,
				5721ECD82600DBB700A7071C /* LaunchScreen.storyboard in Resources */,
			);
			runOnlyForDeploymentPostprocessing = 0;
		};
/* End PBXResourcesBuildPhase section */

/* Begin PBXShellScriptBuildPhase section */
		6EF9A8BF25FFA8DC007A751D /* ShellScript */ = {
			isa = PBXShellScriptBuildPhase;
			buildActionMask = 2147483647;
			files = (
			);
			inputFileListPaths = (
			);
			inputPaths = (
			);
			outputFileListPaths = (
			);
			outputPaths = (
			);
			runOnlyForDeploymentPostprocessing = 0;
			shellPath = /bin/sh;
			shellScript = "# swiftlint script\nif which swiftlint >/dev/null; then\n    swiftlint\nelse\n    echo \"warning: Swiftlint not installed, download from https://github.com/realm/SwiftLint\"\nfi\n";
		};
/* End PBXShellScriptBuildPhase section */

/* Begin PBXSourcesBuildPhase section */
		6EF9A8A125FFA3BF007A751D /* Sources */ = {
			isa = PBXSourcesBuildPhase;
			buildActionMask = 2147483647;
			files = (
				5721ECDC2600DC7D00A7071C /* PlayerEntity.swift in Sources */,
				5721ECF42600DDFC00A7071C /* MainMenuView.swift in Sources */,
				6EF9A8AF25FFA3BF007A751D /* GameScene.swift in Sources */,
				6EF9A8B125FFA3BF007A751D /* GameViewController.swift in Sources */,
				5721ECDF2600DCBB00A7071C /* LongHandsEntity.swift in Sources */,
				6EF9A8A925FFA3BF007A751D /* AppDelegate.swift in Sources */,
				5721ECE52600DCF100A7071C /* FriendlyNPCEntity.swift in Sources */,
				5721ECE22600DCD100A7071C /* CrackedHeadEntity.swift in Sources */,
				5751BF262600D3F50032D010 /* SceneDelegate.swift in Sources */,
				5721ECFA2600EA8100A7071C /* AnalogJoystick.swift in Sources */,
				5721ECE82600DD3500A7071C /* MoveComponent.swift in Sources */,
				5721ECF72600DE4E00A7071C /* PlayerStateMachine.swift in Sources */,
				5721ECEB2600DD5000A7071C /* AnimatedSpriteComponent.swift in Sources */,
			);
			runOnlyForDeploymentPostprocessing = 0;
		};
/* End PBXSourcesBuildPhase section */

/* Begin PBXVariantGroup section */
		5721ECD62600DBB700A7071C /* LaunchScreen.storyboard */ = {
			isa = PBXVariantGroup;
			children = (
				5721ECD72600DBB700A7071C /* Base */,
			);
			name = LaunchScreen.storyboard;
			sourceTree = "<group>";
		};
/* End PBXVariantGroup section */

/* Begin XCBuildConfiguration section */
		6EF9A8B825FFA3C0007A751D /* Debug */ = {
			isa = XCBuildConfiguration;
			buildSettings = {
				ALWAYS_SEARCH_USER_PATHS = NO;
				CLANG_ANALYZER_NONNULL = YES;
				CLANG_ANALYZER_NUMBER_OBJECT_CONVERSION = YES_AGGRESSIVE;
				CLANG_CXX_LANGUAGE_STANDARD = "gnu++14";
				CLANG_CXX_LIBRARY = "libc++";
				CLANG_ENABLE_MODULES = YES;
				CLANG_ENABLE_OBJC_ARC = YES;
				CLANG_ENABLE_OBJC_WEAK = YES;
				CLANG_WARN_BLOCK_CAPTURE_AUTORELEASING = YES;
				CLANG_WARN_BOOL_CONVERSION = YES;
				CLANG_WARN_COMMA = YES;
				CLANG_WARN_CONSTANT_CONVERSION = YES;
				CLANG_WARN_DEPRECATED_OBJC_IMPLEMENTATIONS = YES;
				CLANG_WARN_DIRECT_OBJC_ISA_USAGE = YES_ERROR;
				CLANG_WARN_DOCUMENTATION_COMMENTS = YES;
				CLANG_WARN_EMPTY_BODY = YES;
				CLANG_WARN_ENUM_CONVERSION = YES;
				CLANG_WARN_INFINITE_RECURSION = YES;
				CLANG_WARN_INT_CONVERSION = YES;
				CLANG_WARN_NON_LITERAL_NULL_CONVERSION = YES;
				CLANG_WARN_OBJC_IMPLICIT_RETAIN_SELF = YES;
				CLANG_WARN_OBJC_LITERAL_CONVERSION = YES;
				CLANG_WARN_OBJC_ROOT_CLASS = YES_ERROR;
				CLANG_WARN_QUOTED_INCLUDE_IN_FRAMEWORK_HEADER = YES;
				CLANG_WARN_RANGE_LOOP_ANALYSIS = YES;
				CLANG_WARN_STRICT_PROTOTYPES = YES;
				CLANG_WARN_SUSPICIOUS_MOVE = YES;
				CLANG_WARN_UNGUARDED_AVAILABILITY = YES_AGGRESSIVE;
				CLANG_WARN_UNREACHABLE_CODE = YES;
				CLANG_WARN__DUPLICATE_METHOD_MATCH = YES;
				COPY_PHASE_STRIP = NO;
				DEBUG_INFORMATION_FORMAT = dwarf;
				ENABLE_STRICT_OBJC_MSGSEND = YES;
				ENABLE_TESTABILITY = YES;
				GCC_C_LANGUAGE_STANDARD = gnu11;
				GCC_DYNAMIC_NO_PIC = NO;
				GCC_NO_COMMON_BLOCKS = YES;
				GCC_OPTIMIZATION_LEVEL = 0;
				GCC_PREPROCESSOR_DEFINITIONS = (
					"DEBUG=1",
					"$(inherited)",
				);
				GCC_WARN_64_TO_32_BIT_CONVERSION = YES;
				GCC_WARN_ABOUT_RETURN_TYPE = YES_ERROR;
				GCC_WARN_UNDECLARED_SELECTOR = YES;
				GCC_WARN_UNINITIALIZED_AUTOS = YES_AGGRESSIVE;
				GCC_WARN_UNUSED_FUNCTION = YES;
				GCC_WARN_UNUSED_VARIABLE = YES;
				IPHONEOS_DEPLOYMENT_TARGET = 14.4;
				MTL_ENABLE_DEBUG_INFO = INCLUDE_SOURCE;
				MTL_FAST_MATH = YES;
				ONLY_ACTIVE_ARCH = YES;
				SDKROOT = iphoneos;
				SWIFT_ACTIVE_COMPILATION_CONDITIONS = DEBUG;
				SWIFT_OPTIMIZATION_LEVEL = "-Onone";
			};
			name = Debug;
		};
		6EF9A8B925FFA3C0007A751D /* Release */ = {
			isa = XCBuildConfiguration;
			buildSettings = {
				ALWAYS_SEARCH_USER_PATHS = NO;
				CLANG_ANALYZER_NONNULL = YES;
				CLANG_ANALYZER_NUMBER_OBJECT_CONVERSION = YES_AGGRESSIVE;
				CLANG_CXX_LANGUAGE_STANDARD = "gnu++14";
				CLANG_CXX_LIBRARY = "libc++";
				CLANG_ENABLE_MODULES = YES;
				CLANG_ENABLE_OBJC_ARC = YES;
				CLANG_ENABLE_OBJC_WEAK = YES;
				CLANG_WARN_BLOCK_CAPTURE_AUTORELEASING = YES;
				CLANG_WARN_BOOL_CONVERSION = YES;
				CLANG_WARN_COMMA = YES;
				CLANG_WARN_CONSTANT_CONVERSION = YES;
				CLANG_WARN_DEPRECATED_OBJC_IMPLEMENTATIONS = YES;
				CLANG_WARN_DIRECT_OBJC_ISA_USAGE = YES_ERROR;
				CLANG_WARN_DOCUMENTATION_COMMENTS = YES;
				CLANG_WARN_EMPTY_BODY = YES;
				CLANG_WARN_ENUM_CONVERSION = YES;
				CLANG_WARN_INFINITE_RECURSION = YES;
				CLANG_WARN_INT_CONVERSION = YES;
				CLANG_WARN_NON_LITERAL_NULL_CONVERSION = YES;
				CLANG_WARN_OBJC_IMPLICIT_RETAIN_SELF = YES;
				CLANG_WARN_OBJC_LITERAL_CONVERSION = YES;
				CLANG_WARN_OBJC_ROOT_CLASS = YES_ERROR;
				CLANG_WARN_QUOTED_INCLUDE_IN_FRAMEWORK_HEADER = YES;
				CLANG_WARN_RANGE_LOOP_ANALYSIS = YES;
				CLANG_WARN_STRICT_PROTOTYPES = YES;
				CLANG_WARN_SUSPICIOUS_MOVE = YES;
				CLANG_WARN_UNGUARDED_AVAILABILITY = YES_AGGRESSIVE;
				CLANG_WARN_UNREACHABLE_CODE = YES;
				CLANG_WARN__DUPLICATE_METHOD_MATCH = YES;
				COPY_PHASE_STRIP = NO;
				DEBUG_INFORMATION_FORMAT = "dwarf-with-dsym";
				ENABLE_NS_ASSERTIONS = NO;
				ENABLE_STRICT_OBJC_MSGSEND = YES;
				GCC_C_LANGUAGE_STANDARD = gnu11;
				GCC_NO_COMMON_BLOCKS = YES;
				GCC_WARN_64_TO_32_BIT_CONVERSION = YES;
				GCC_WARN_ABOUT_RETURN_TYPE = YES_ERROR;
				GCC_WARN_UNDECLARED_SELECTOR = YES;
				GCC_WARN_UNINITIALIZED_AUTOS = YES_AGGRESSIVE;
				GCC_WARN_UNUSED_FUNCTION = YES;
				GCC_WARN_UNUSED_VARIABLE = YES;
				IPHONEOS_DEPLOYMENT_TARGET = 14.4;
				MTL_ENABLE_DEBUG_INFO = NO;
				MTL_FAST_MATH = YES;
				SDKROOT = iphoneos;
				SWIFT_COMPILATION_MODE = wholemodule;
				SWIFT_OPTIMIZATION_LEVEL = "-O";
				VALIDATE_PRODUCT = YES;
			};
			name = Release;
		};
		6EF9A8BB25FFA3C0007A751D /* Debug */ = {
			isa = XCBuildConfiguration;
			buildSettings = {
				ASSETCATALOG_COMPILER_APPICON_NAME = AppIcon;
				ASSETCATALOG_COMPILER_GLOBAL_ACCENT_COLOR_NAME = AccentColor;
				CODE_SIGN_STYLE = Automatic;
				DEVELOPMENT_TEAM = BSANZ76H3Y;
				INFOPLIST_FILE = AmeliaDespair/Info.plist;
				LD_RUNPATH_SEARCH_PATHS = (
					"$(inherited)",
					"@executable_path/Frameworks",
				);
				PRODUCT_BUNDLE_IDENTIFIER = hiagochagas.AmeliaDespair;
				PRODUCT_NAME = "$(TARGET_NAME)";
				SWIFT_VERSION = 5.0;
				TARGETED_DEVICE_FAMILY = "1,2";
			};
			name = Debug;
		};
		6EF9A8BC25FFA3C0007A751D /* Release */ = {
			isa = XCBuildConfiguration;
			buildSettings = {
				ASSETCATALOG_COMPILER_APPICON_NAME = AppIcon;
				ASSETCATALOG_COMPILER_GLOBAL_ACCENT_COLOR_NAME = AccentColor;
				CODE_SIGN_STYLE = Automatic;
				DEVELOPMENT_TEAM = BSANZ76H3Y;
				INFOPLIST_FILE = AmeliaDespair/Info.plist;
				LD_RUNPATH_SEARCH_PATHS = (
					"$(inherited)",
					"@executable_path/Frameworks",
				);
				PRODUCT_BUNDLE_IDENTIFIER = hiagochagas.AmeliaDespair;
				PRODUCT_NAME = "$(TARGET_NAME)";
				SWIFT_VERSION = 5.0;
				TARGETED_DEVICE_FAMILY = "1,2";
			};
			name = Release;
		};
/* End XCBuildConfiguration section */

/* Begin XCConfigurationList section */
		6EF9A8A025FFA3BF007A751D /* Build configuration list for PBXProject "AmeliaDespair" */ = {
			isa = XCConfigurationList;
			buildConfigurations = (
				6EF9A8B825FFA3C0007A751D /* Debug */,
				6EF9A8B925FFA3C0007A751D /* Release */,
			);
			defaultConfigurationIsVisible = 0;
			defaultConfigurationName = Release;
		};
		6EF9A8BA25FFA3C0007A751D /* Build configuration list for PBXNativeTarget "AmeliaDespair" */ = {
			isa = XCConfigurationList;
			buildConfigurations = (
				6EF9A8BB25FFA3C0007A751D /* Debug */,
				6EF9A8BC25FFA3C0007A751D /* Release */,
			);
			defaultConfigurationIsVisible = 0;
			defaultConfigurationName = Release;
		};
/* End XCConfigurationList section */
	};
	rootObject = 6EF9A89D25FFA3BF007A751D /* Project object */;
}
